
Microsoft Visual Studio Solution File, Format Version 12.00
# Visual Studio Version 16
VisualStudioVersion = 16.0.30128.74
MinimumVisualStudioVersion = 10.0.40219.1
Project("{FAE04EC0-301F-11D3-BF4B-00C04F79EFBC}") = "NotebookPro.Android", "NotebookPro\NotebookPro.Android\NotebookPro.Android.csproj", "{6419AAA8-8356-4F6F-B44D-6C83469DAE5C}"
EndProject
Project("{FAE04EC0-301F-11D3-BF4B-00C04F79EFBC}") = "NotebookPro.iOS", "NotebookPro\NotebookPro.iOS\NotebookPro.iOS.csproj", "{04BB3F8E-9604-4ABC-93BB-FEA2C7FC3C21}"
EndProject
Project("{FAE04EC0-301F-11D3-BF4B-00C04F79EFBC}") = "NotebookPro", "NotebookPro\NotebookPro\NotebookPro.csproj", "{FD37212C-F0E8-43FC-871C-EB0D6D7C1B83}"
EndProject
Global
	GlobalSection(SolutionConfigurationPlatforms) = preSolution
		Debug|Any CPU = Debug|Any CPU
		Debug|iPhone = Debug|iPhone
		Debug|iPhoneSimulator = Debug|iPhoneSimulator
		Release|Any CPU = Release|Any CPU
		Release|iPhone = Release|iPhone
		Release|iPhoneSimulator = Release|iPhoneSimulator
	EndGlobalSection
	GlobalSection(ProjectConfigurationPlatforms) = postSolution
		{6419AAA8-8356-4F6F-B44D-6C83469DAE5C}.Debug|Any CPU.ActiveCfg = Debug|Any CPU
		{6419AAA8-8356-4F6F-B44D-6C83469DAE5C}.Debug|Any CPU.Build.0 = Debug|Any CPU
		{6419AAA8-8356-4F6F-B44D-6C83469DAE5C}.Debug|Any CPU.Deploy.0 = Debug|Any CPU
		{6419AAA8-8356-4F6F-B44D-6C83469DAE5C}.Debug|iPhone.ActiveCfg = Debug|Any CPU
		{6419AAA8-8356-4F6F-B44D-6C83469DAE5C}.Debug|iPhone.Build.0 = Debug|Any CPU
		{6419AAA8-8356-4F6F-B44D-6C83469DAE5C}.Debug|iPhone.Deploy.0 = Debug|Any CPU
		{6419AAA8-8356-4F6F-B44D-6C83469DAE5C}.Debug|iPhoneSimulator.ActiveCfg = Debug|Any CPU
		{6419AAA8-8356-4F6F-B44D-6C83469DAE5C}.Debug|iPhoneSimulator.Build.0 = Debug|Any CPU
		{6419AAA8-8356-4F6F-B44D-6C83469DAE5C}.Debug|iPhoneSimulator.Deploy.0 = Debug|Any CPU
		{6419AAA8-8356-4F6F-B44D-6C83469DAE5C}.Release|Any CPU.ActiveCfg = Release|Any CPU
		{6419AAA8-8356-4F6F-B44D-6C83469DAE5C}.Release|Any CPU.Build.0 = Release|Any CPU
		{6419AAA8-8356-4F6F-B44D-6C83469DAE5C}.Release|Any CPU.Deploy.0 = Release|Any CPU
		{6419AAA8-8356-4F6F-B44D-6C83469DAE5C}.Release|iPhone.ActiveCfg = Release|Any CPU
		{6419AAA8-8356-4F6F-B44D-6C83469DAE5C}.Release|iPhone.Build.0 = Release|Any CPU
		{6419AAA8-8356-4F6F-B44D-6C83469DAE5C}.Release|iPhone.Deploy.0 = Release|Any CPU
		{6419AAA8-8356-4F6F-B44D-6C83469DAE5C}.Release|iPhoneSimulator.ActiveCfg = Release|Any CPU
		{6419AAA8-8356-4F6F-B44D-6C83469DAE5C}.Release|iPhoneSimulator.Build.0 = Release|Any CPU
		{6419AAA8-8356-4F6F-B44D-6C83469DAE5C}.Release|iPhoneSimulator.Deploy.0 = Release|Any CPU
		{04BB3F8E-9604-4ABC-93BB-FEA2C7FC3C21}.Debug|Any CPU.ActiveCfg = Debug|iPhone
		{04BB3F8E-9604-4ABC-93BB-FEA2C7FC3C21}.Debug|Any CPU.Build.0 = Debug|iPhone
		{04BB3F8E-9604-4ABC-93BB-FEA2C7FC3C21}.Debug|Any CPU.Deploy.0 = Debug|iPhone
		{04BB3F8E-9604-4ABC-93BB-FEA2C7FC3C21}.Debug|iPhone.ActiveCfg = Debug|iPhone
		{04BB3F8E-9604-4ABC-93BB-FEA2C7FC3C21}.Debug|iPhone.Build.0 = Debug|iPhone
		{04BB3F8E-9604-4ABC-93BB-FEA2C7FC3C21}.Debug|iPhone.Deploy.0 = Debug|iPhone
		{04BB3F8E-9604-4ABC-93BB-FEA2C7FC3C21}.Debug|iPhoneSimulator.ActiveCfg = Debug|iPhoneSimulator
		{04BB3F8E-9604-4ABC-93BB-FEA2C7FC3C21}.Debug|iPhoneSimulator.Build.0 = Debug|iPhoneSimulator
		{04BB3F8E-9604-4ABC-93BB-FEA2C7FC3C21}.Debug|iPhoneSimulator.Deploy.0 = Debug|iPhoneSimulator
		{04BB3F8E-9604-4ABC-93BB-FEA2C7FC3C21}.Release|Any CPU.ActiveCfg = Release|iPhone
		{04BB3F8E-9604-4ABC-93BB-FEA2C7FC3C21}.Release|Any CPU.Build.0 = Release|iPhone
		{04BB3F8E-9604-4ABC-93BB-FEA2C7FC3C21}.Release|Any CPU.Deploy.0 = Release|iPhone
		{04BB3F8E-9604-4ABC-93BB-FEA2C7FC3C21}.Release|iPhone.ActiveCfg = Release|iPhone
		{04BB3F8E-9604-4ABC-93BB-FEA2C7FC3C21}.Release|iPhone.Build.0 = Release|iPhone
		{04BB3F8E-9604-4ABC-93BB-FEA2C7FC3C21}.Release|iPhone.Deploy.0 = Release|iPhone
		{04BB3F8E-9604-4ABC-93BB-FEA2C7FC3C21}.Release|iPhoneSimulator.ActiveCfg = Release|iPhoneSimulator
		{04BB3F8E-9604-4ABC-93BB-FEA2C7FC3C21}.Release|iPhoneSimulator.Build.0 = Release|iPhoneSimulator
		{04BB3F8E-9604-4ABC-93BB-FEA2C7FC3C21}.Release|iPhoneSimulator.Deploy.0 = Release|iPhoneSimulator
		{FD37212C-F0E8-43FC-871C-EB0D6D7C1B83}.Debug|Any CPU.ActiveCfg = Debug|Any CPU
		{FD37212C-F0E8-43FC-871C-EB0D6D7C1B83}.Debug|Any CPU.Build.0 = Debug|Any CPU
		{FD37212C-F0E8-43FC-871C-EB0D6D7C1B83}.Debug|Any CPU.Deploy.0 = Debug|Any CPU
		{FD37212C-F0E8-43FC-871C-EB0D6D7C1B83}.Debug|iPhone.ActiveCfg = Debug|Any CPU
		{FD37212C-F0E8-43FC-871C-EB0D6D7C1B83}.Debug|iPhone.Build.0 = Debug|Any CPU
		{FD37212C-F0E8-43FC-871C-EB0D6D7C1B83}.Debug|iPhone.Deploy.0 = Debug|Any CPU
		{FD37212C-F0E8-43FC-871C-EB0D6D7C1B83}.Debug|iPhoneSimulator.ActiveCfg = Debug|Any CPU
		{FD37212C-F0E8-43FC-871C-EB0D6D7C1B83}.Debug|iPhoneSimulator.Build.0 = Debug|Any CPU
		{FD37212C-F0E8-43FC-871C-EB0D6D7C1B83}.Debug|iPhoneSimulator.Deploy.0 = Debug|Any CPU
		{FD37212C-F0E8-43FC-871C-EB0D6D7C1B83}.Release|Any CPU.ActiveCfg = Release|Any CPU
		{FD37212C-F0E8-43FC-871C-EB0D6D7C1B83}.Release|Any CPU.Build.0 = Release|Any CPU
		{FD37212C-F0E8-43FC-871C-EB0D6D7C1B83}.Release|Any CPU.Deploy.0 = Release|Any CPU
		{FD37212C-F0E8-43FC-871C-EB0D6D7C1B83}.Release|iPhone.ActiveCfg = Release|Any CPU
		{FD37212C-F0E8-43FC-871C-EB0D6D7C1B83}.Release|iPhone.Build.0 = Release|Any CPU
		{FD37212C-F0E8-43FC-871C-EB0D6D7C1B83}.Release|iPhone.Deploy.0 = Release|Any CPU
		{FD37212C-F0E8-43FC-871C-EB0D6D7C1B83}.Release|iPhoneSimulator.ActiveCfg = Release|Any CPU
		{FD37212C-F0E8-43FC-871C-EB0D6D7C1B83}.Release|iPhoneSimulator.Build.0 = Release|Any CPU
		{FD37212C-F0E8-43FC-871C-EB0D6D7C1B83}.Release|iPhoneSimulator.Deploy.0 = Release|Any CPU
	EndGlobalSection
	GlobalSection(SolutionProperties) = preSolution
		HideSolutionNode = FALSE
	EndGlobalSection
	GlobalSection(ExtensibilityGlobals) = postSolution
		SolutionGuid = {37E69E7B-2271-4383-BDD0-C5F1BA007236}
	EndGlobalSection
EndGlobal
